# Code generated by scarb DO NOT EDIT.
version = 1

[[package]]
name = "openzeppelin_merkle_tree"
version = "2.0.0"
source = "registry+https://scarbs.xyz/"
checksum = "sha256:47f80c9ce59557774243214f8e75c5e866f30f3d8daa755855f6ffd01c89ca89"

[[package]]
name = "zk_api_credits"
version = "0.1.0"
dependencies = [
 "openzeppelin_merkle_tree",
]
